<?xml version="1.0" encoding="utf-8"?>
<Project ToolsVersion="4.0" xmlns="http://schemas.microsoft.com/developer/msbuild/2003">
  <ItemGroup>
    <Filter Include="Source Files">
      <UniqueIdentifier>{4FC737F1-C7A5-4376-A066-2A32D752A2FF}</UniqueIdentifier>
      <Extensions>cpp;c;cc;cxx;c++;cppm;ixx;def;odl;idl;hpj;bat;asm;asmx</Extensions>
    </Filter>
    <Filter Include="Resource Files">
      <UniqueIdentifier>{67DA6AB6-F800-4c08-8B7A-83BB121AAD01}</UniqueIdentifier>
      <Extensions>rc;ico;cur;bmp;dlg;rc2;rct;bin;rgs;gif;jpg;jpeg;jpe;resx;tiff;tif;png;wav;mfcribbon-ms</Extensions>
    </Filter>
    <Filter Include="Source Files\Utils">
      <UniqueIdentifier>{f4553c0c-d9db-432f-a5df-2539687f083f}</UniqueIdentifier>
    </Filter>
    <Filter Include="Source Files\Scene">
      <UniqueIdentifier>{7a2fcfd2-50c3-48c0-9e20-800900a289ee}</UniqueIdentifier>
    </Filter>
    <Filter Include="Source Files\Device">
      <UniqueIdentifier>{f357c2e0-33a6-4db0-9f94-aa25ed044917}</UniqueIdentifier>
    </Filter>
  </ItemGroup>
  <ItemGroup>
    <ClCompile Include="..\..\utils\OptixHelper.cpp">
      <Filter>Source Files\Utils</Filter>
    </ClCompile>
    <ClCompile Include="..\..\utils\FileLoader.cpp">
      <Filter>Source Files\Utils</Filter>
    </ClCompile>
    <ClCompile Include="Scene\SceneParser.cpp">
      <Filter>Source Files\Scene</Filter>
    </ClCompile>
    <ClCompile Include="Utils\Image.cpp">
      <Filter>Source Files\Utils</Filter>
    </ClCompile>
  </ItemGroup>
  <ItemGroup>
    <ClInclude Include="..\..\utils\OptixHelper.h">
      <Filter>Source Files\Utils</Filter>
    </ClInclude>
    <ClInclude Include="pch.h">
      <Filter>Source Files</Filter>
    </ClInclude>
    <ClInclude Include="..\..\utils\CUDAHelper.h">
      <Filter>Source Files\Utils</Filter>
    </ClInclude>
    <ClInclude Include="..\..\utils\CudaError.h">
      <Filter>Source Files\Utils</Filter>
    </ClInclude>
    <ClInclude Include="..\..\utils\FileLoader.h">
      <Filter>Source Files\Utils</Filter>
    </ClInclude>
    <ClInclude Include="Scene\SceneParser.h">
      <Filter>Source Files\Scene</Filter>
    </ClInclude>
    <ClInclude Include="Device\DeviceTypes.h">
      <Filter>Source Files\Device</Filter>
    </ClInclude>
    <ClInclude Include="Utils\Image.h">
      <Filter>Source Files\Utils</Filter>
    </ClInclude>
  </ItemGroup>
</Project>